
Microsoft Visual Studio Solution File, Format Version 12.00
# Visual Studio Version 17
VisualStudioVersion = 17.7.34221.43
MinimumVisualStudioVersion = 10.0.40219.1
Project("{9A19103F-16F7-4668-BE54-9A1E7A4F7556}") = "BethanysPieShop", "BethanysPieShop.csproj", "{0CA3D2AE-56EF-48D1-A5A1-B62EAC55F9B2}"
EndProject
Global
	GlobalSection(SolutionConfigurationPlatforms) = preSolution
		Debug|Any CPU = Debug|Any CPU
		Release|Any CPU = Release|Any CPU
	EndGlobalSection
	GlobalSection(ProjectConfigurationPlatforms) = postSolution
		{0CA3D2AE-56EF-48D1-A5A1-B62EAC55F9B2}.Debug|Any CPU.ActiveCfg = Debug|Any CPU
		{0CA3D2AE-56EF-48D1-A5A1-B62EAC55F9B2}.Debug|Any CPU.Build.0 = Debug|Any CPU
		{0CA3D2AE-56EF-48D1-A5A1-B62EAC55F9B2}.Release|Any CPU.ActiveCfg = Release|Any CPU
		{0CA3D2AE-56EF-48D1-A5A1-B62EAC55F9B2}.Release|Any CPU.Build.0 = Release|Any CPU
	EndGlobalSection
	GlobalSection(SolutionProperties) = preSolution
		HideSolutionNode = FALSE
	EndGlobalSection
	GlobalSection(ExtensibilityGlobals) = postSolution
		SolutionGuid = {C364FB44-A3EF-4AFC-926D-C92295C1CC69}
	EndGlobalSection
EndGlobal
